
Microsoft Visual Studio Solution File, Format Version 12.00
Project("{FAE04EC0-301F-11D3-BF4B-00C04F79EFBC}") = "WebTp7", "WebTp7\WebTp7.csproj", "{4A9070F0-BDA0-48F1-9C47-FCCF9315DDDC}"
EndProject
Global
	GlobalSection(SolutionConfigurationPlatforms) = preSolution
		Debug|Any CPU = Debug|Any CPU
		Release|Any CPU = Release|Any CPU
	EndGlobalSection
	GlobalSection(ProjectConfigurationPlatforms) = postSolution
		{4A9070F0-BDA0-48F1-9C47-FCCF9315DDDC}.Debug|Any CPU.ActiveCfg = Debug|Any CPU
		{4A9070F0-BDA0-48F1-9C47-FCCF9315DDDC}.Debug|Any CPU.Build.0 = Debug|Any CPU
		{4A9070F0-BDA0-48F1-9C47-FCCF9315DDDC}.Release|Any CPU.ActiveCfg = Release|Any CPU
		{4A9070F0-BDA0-48F1-9C47-FCCF9315DDDC}.Release|Any CPU.Build.0 = Release|Any CPU
	EndGlobalSection
EndGlobal
